// !$*UTF8*$!
{
	archiveVersion = 1;
	classes = {
	};
	objectVersion = 46;
	objects = {

/* Begin PBXBuildFile section */
		6354298C1B623CE300707D87 /* main.m in Sources */ = {isa = PBXBuildFile; fileRef = 6354298B1B623CE300707D87 /* main.m */; };
		6354298F1B623CE300707D87 /* AppDelegate.m in Sources */ = {isa = PBXBuildFile; fileRef = 6354298E1B623CE300707D87 /* AppDelegate.m */; };
		635429921B623CE300707D87 /* ViewController.m in Sources */ = {isa = PBXBuildFile; fileRef = 635429911B623CE300707D87 /* ViewController.m */; };
		635429951B623CE300707D87 /* Main.storyboard in Resources */ = {isa = PBXBuildFile; fileRef = 635429931B623CE300707D87 /* Main.storyboard */; };
		635429971B623CE300707D87 /* Assets.xcassets in Resources */ = {isa = PBXBuildFile; fileRef = 635429961B623CE300707D87 /* Assets.xcassets */; };
		6354299A1B623CE300707D87 /* LaunchScreen.storyboard in Resources */ = {isa = PBXBuildFile; fileRef = 635429981B623CE300707D87 /* LaunchScreen.storyboard */; };
		635429A51B623CE300707D87 /* GGTests.m in Sources */ = {isa = PBXBuildFile; fileRef = 635429A41B623CE300707D87 /* GGTests.m */; };
		635429B01B623CE300707D87 /* GGUITests.m in Sources */ = {isa = PBXBuildFile; fileRef = 635429AF1B623CE300707D87 /* GGUITests.m */; };
		635429BF1B62412200707D87 /* BaseTableViewProtocol.m in Sources */ = {isa = PBXBuildFile; fileRef = 635429BE1B62412200707D87 /* BaseTableViewProtocol.m */; };
		635429C21B62420F00707D87 /* GGNavigationController.m in Sources */ = {isa = PBXBuildFile; fileRef = 635429C11B62420F00707D87 /* GGNavigationController.m */; };
		63F3DB861B624C1C00E2875C /* UINavigationBar+Awesome.m in Sources */ = {isa = PBXBuildFile; fileRef = 63F3DB851B624C1C00E2875C /* UINavigationBar+Awesome.m */; };
		63F3DB8C1B629B7800E2875C /* GGRootController.m in Sources */ = {isa = PBXBuildFile; fileRef = 63F3DB8B1B629B7800E2875C /* GGRootController.m */; };
		63F3DB8F1B62A42500E2875C /* GGTabBarController.m in Sources */ = {isa = PBXBuildFile; fileRef = 63F3DB8E1B62A42500E2875C /* GGTabBarController.m */; };
/* End PBXBuildFile section */

/* Begin PBXContainerItemProxy section */
		635429A11B623CE300707D87 /* PBXContainerItemProxy */ = {
			isa = PBXContainerItemProxy;
			containerPortal = 6354297F1B623CE300707D87 /* Project object */;
			proxyType = 1;
			remoteGlobalIDString = 635429861B623CE300707D87;
			remoteInfo = GG;
		};
		635429AC1B623CE300707D87 /* PBXContainerItemProxy */ = {
			isa = PBXContainerItemProxy;
			containerPortal = 6354297F1B623CE300707D87 /* Project object */;
			proxyType = 1;
			remoteGlobalIDString = 635429861B623CE300707D87;
			remoteInfo = GG;
		};
/* End PBXContainerItemProxy section */

/* Begin PBXFileReference section */
		635429871B623CE300707D87 /* GG.app */ = {isa = PBXFileReference; explicitFileType = wrapper.application; includeInIndex = 0; path = GG.app; sourceTree = BUILT_PRODUCTS_DIR; };
		6354298B1B623CE300707D87 /* main.m */ = {isa = PBXFileReference; lastKnownFileType = sourcecode.c.objc; path = main.m; sourceTree = "<group>"; };
		6354298D1B623CE300707D87 /* AppDelegate.h */ = {isa = PBXFileReference; lastKnownFileType = sourcecode.c.h; path = AppDelegate.h; sourceTree = "<group>"; };
		6354298E1B623CE300707D87 /* AppDelegate.m */ = {isa = PBXFileReference; lastKnownFileType = sourcecode.c.objc; path = AppDelegate.m; sourceTree = "<group>"; };
		635429901B623CE300707D87 /* ViewController.h */ = {isa = PBXFileReference; lastKnownFileType = sourcecode.c.h; path = ViewController.h; sourceTree = "<group>"; };
		635429911B623CE300707D87 /* ViewController.m */ = {isa = PBXFileReference; lastKnownFileType = sourcecode.c.objc; path = ViewController.m; sourceTree = "<group>"; };
		635429941B623CE300707D87 /* Base */ = {isa = PBXFileReference; lastKnownFileType = file.storyboard; name = Base; path = Base.lproj/Main.storyboard; sourceTree = "<group>"; };
		635429961B623CE300707D87 /* Assets.xcassets */ = {isa = PBXFileReference; lastKnownFileType = folder.assetcatalog; path = Assets.xcassets; sourceTree = "<group>"; };
		635429991B623CE300707D87 /* Base */ = {isa = PBXFileReference; lastKnownFileType = file.storyboard; name = Base; path = Base.lproj/LaunchScreen.storyboard; sourceTree = "<group>"; };
		6354299B1B623CE300707D87 /* Info.plist */ = {isa = PBXFileReference; lastKnownFileType = text.plist.xml; path = Info.plist; sourceTree = "<group>"; };
		635429A01B623CE300707D87 /* GGTests.xctest */ = {isa = PBXFileReference; explicitFileType = wrapper.cfbundle; includeInIndex = 0; path = GGTests.xctest; sourceTree = BUILT_PRODUCTS_DIR; };
		635429A41B623CE300707D87 /* GGTests.m */ = {isa = PBXFileReference; lastKnownFileType = sourcecode.c.objc; path = GGTests.m; sourceTree = "<group>"; };
		635429A61B623CE300707D87 /* Info.plist */ = {isa = PBXFileReference; lastKnownFileType = text.plist.xml; path = Info.plist; sourceTree = "<group>"; };
		635429AB1B623CE300707D87 /* GGUITests.xctest */ = {isa = PBXFileReference; explicitFileType = wrapper.cfbundle; includeInIndex = 0; path = GGUITests.xctest; sourceTree = BUILT_PRODUCTS_DIR; };
		635429AF1B623CE300707D87 /* GGUITests.m */ = {isa = PBXFileReference; lastKnownFileType = sourcecode.c.objc; path = GGUITests.m; sourceTree = "<group>"; };
		635429B11B623CE300707D87 /* Info.plist */ = {isa = PBXFileReference; lastKnownFileType = text.plist.xml; path = Info.plist; sourceTree = "<group>"; };
		635429BD1B62412200707D87 /* BaseTableViewProtocol.h */ = {isa = PBXFileReference; fileEncoding = 4; lastKnownFileType = sourcecode.c.h; path = BaseTableViewProtocol.h; sourceTree = "<group>"; };
		635429BE1B62412200707D87 /* BaseTableViewProtocol.m */ = {isa = PBXFileReference; fileEncoding = 4; lastKnownFileType = sourcecode.c.objc; path = BaseTableViewProtocol.m; sourceTree = "<group>"; };
		635429C01B62420F00707D87 /* GGNavigationController.h */ = {isa = PBXFileReference; fileEncoding = 4; lastKnownFileType = sourcecode.c.h; path = GGNavigationController.h; sourceTree = "<group>"; };
		635429C11B62420F00707D87 /* GGNavigationController.m */ = {isa = PBXFileReference; fileEncoding = 4; lastKnownFileType = sourcecode.c.objc; path = GGNavigationController.m; sourceTree = "<group>"; };
		63F3DB841B624C1C00E2875C /* UINavigationBar+Awesome.h */ = {isa = PBXFileReference; fileEncoding = 4; lastKnownFileType = sourcecode.c.h; path = "UINavigationBar+Awesome.h"; sourceTree = "<group>"; };
		63F3DB851B624C1C00E2875C /* UINavigationBar+Awesome.m */ = {isa = PBXFileReference; fileEncoding = 4; lastKnownFileType = sourcecode.c.objc; path = "UINavigationBar+Awesome.m"; sourceTree = "<group>"; };
		63F3DB8A1B629B7800E2875C /* GGRootController.h */ = {isa = PBXFileReference; fileEncoding = 4; lastKnownFileType = sourcecode.c.h; path = GGRootController.h; sourceTree = "<group>"; };
		63F3DB8B1B629B7800E2875C /* GGRootController.m */ = {isa = PBXFileReference; fileEncoding = 4; lastKnownFileType = sourcecode.c.objc; path = GGRootController.m; sourceTree = "<group>"; };
		63F3DB8D1B62A42500E2875C /* GGTabBarController.h */ = {isa = PBXFileReference; fileEncoding = 4; lastKnownFileType = sourcecode.c.h; path = GGTabBarController.h; sourceTree = "<group>"; };
		63F3DB8E1B62A42500E2875C /* GGTabBarController.m */ = {isa = PBXFileReference; fileEncoding = 4; lastKnownFileType = sourcecode.c.objc; path = GGTabBarController.m; sourceTree = "<group>"; };
		63F3DB901B62AA7200E2875C /* GGGlobal.h */ = {isa = PBXFileReference; lastKnownFileType = sourcecode.c.h; path = GGGlobal.h; sourceTree = "<group>"; };
		63F3DB911B62AAB800E2875C /* PrefixHeader.pch */ = {isa = PBXFileReference; lastKnownFileType = sourcecode.c.h; path = PrefixHeader.pch; sourceTree = "<group>"; };
/* End PBXFileReference section */

/* Begin PBXFrameworksBuildPhase section */
		635429841B623CE300707D87 /* Frameworks */ = {
			isa = PBXFrameworksBuildPhase;
			buildActionMask = 2147483647;
			files = (
			);
			runOnlyForDeploymentPostprocessing = 0;
		};
		6354299D1B623CE300707D87 /* Frameworks */ = {
			isa = PBXFrameworksBuildPhase;
			buildActionMask = 2147483647;
			files = (
			);
			runOnlyForDeploymentPostprocessing = 0;
		};
		635429A81B623CE300707D87 /* Frameworks */ = {
			isa = PBXFrameworksBuildPhase;
			buildActionMask = 2147483647;
			files = (
			);
			runOnlyForDeploymentPostprocessing = 0;
		};
/* End PBXFrameworksBuildPhase section */

/* Begin PBXGroup section */
		6354297E1B623CE300707D87 = {
			isa = PBXGroup;
			children = (
				635429891B623CE300707D87 /* GG */,
				635429A31B623CE300707D87 /* GGTests */,
				635429AE1B623CE300707D87 /* GGUITests */,
				635429881B623CE300707D87 /* Products */,
			);
			sourceTree = "<group>";
		};
		635429881B623CE300707D87 /* Products */ = {
			isa = PBXGroup;
			children = (
				635429871B623CE300707D87 /* GG.app */,
				635429A01B623CE300707D87 /* GGTests.xctest */,
				635429AB1B623CE300707D87 /* GGUITests.xctest */,
			);
			name = Products;
			sourceTree = "<group>";
		};
		635429891B623CE300707D87 /* GG */ = {
			isa = PBXGroup;
			children = (
				63F3DB891B629B5E00E2875C /* RootController */,
				63F3DB871B62503500E2875C /* TableViewProtocol */,
				63F3DB901B62AA7200E2875C /* GGGlobal.h */,
				6354298D1B623CE300707D87 /* AppDelegate.h */,
				6354298E1B623CE300707D87 /* AppDelegate.m */,
				635429901B623CE300707D87 /* ViewController.h */,
				635429911B623CE300707D87 /* ViewController.m */,
				635429931B623CE300707D87 /* Main.storyboard */,
				635429961B623CE300707D87 /* Assets.xcassets */,
				635429981B623CE300707D87 /* LaunchScreen.storyboard */,
				6354299B1B623CE300707D87 /* Info.plist */,
				6354298A1B623CE300707D87 /* Supporting Files */,
				63F3DB911B62AAB800E2875C /* PrefixHeader.pch */,
			);
			path = GG;
			sourceTree = "<group>";
		};
		6354298A1B623CE300707D87 /* Supporting Files */ = {
			isa = PBXGroup;
			children = (
				63F3DB841B624C1C00E2875C /* UINavigationBar+Awesome.h */,
				63F3DB851B624C1C00E2875C /* UINavigationBar+Awesome.m */,
				6354298B1B623CE300707D87 /* main.m */,
			);
			name = "Supporting Files";
			sourceTree = "<group>";
		};
		635429A31B623CE300707D87 /* GGTests */ = {
			isa = PBXGroup;
			children = (
				635429A41B623CE300707D87 /* GGTests.m */,
				635429A61B623CE300707D87 /* Info.plist */,
			);
			path = GGTests;
			sourceTree = "<group>";
		};
		635429AE1B623CE300707D87 /* GGUITests */ = {
			isa = PBXGroup;
			children = (
				635429AF1B623CE300707D87 /* GGUITests.m */,
				635429B11B623CE300707D87 /* Info.plist */,
			);
			path = GGUITests;
			sourceTree = "<group>";
		};
		63F3DB871B62503500E2875C /* TableViewProtocol */ = {
			isa = PBXGroup;
			children = (
				635429BD1B62412200707D87 /* BaseTableViewProtocol.h */,
				635429BE1B62412200707D87 /* BaseTableViewProtocol.m */,
			);
			name = TableViewProtocol;
			sourceTree = "<group>";
		};
		63F3DB891B629B5E00E2875C /* RootController */ = {
			isa = PBXGroup;
			children = (
				63F3DB8A1B629B7800E2875C /* GGRootController.h */,
				63F3DB8B1B629B7800E2875C /* GGRootController.m */,
				635429C01B62420F00707D87 /* GGNavigationController.h */,
				635429C11B62420F00707D87 /* GGNavigationController.m */,
				63F3DB8D1B62A42500E2875C /* GGTabBarController.h */,
				63F3DB8E1B62A42500E2875C /* GGTabBarController.m */,
			);
			name = RootController;
			sourceTree = "<group>";
		};
/* End PBXGroup section */

/* Begin PBXNativeTarget section */
		635429861B623CE300707D87 /* GG */ = {
			isa = PBXNativeTarget;
			buildConfigurationList = 635429B41B623CE300707D87 /* Build configuration list for PBXNativeTarget "GG" */;
			buildPhases = (
				635429831B623CE300707D87 /* Sources */,
				635429841B623CE300707D87 /* Frameworks */,
				635429851B623CE300707D87 /* Resources */,
			);
			buildRules = (
			);
			dependencies = (
			);
			name = GG;
			productName = GG;
			productReference = 635429871B623CE300707D87 /* GG.app */;
			productType = "com.apple.product-type.application";
		};
		6354299F1B623CE300707D87 /* GGTests */ = {
			isa = PBXNativeTarget;
			buildConfigurationList = 635429B71B623CE300707D87 /* Build configuration list for PBXNativeTarget "GGTests" */;
			buildPhases = (
				6354299C1B623CE300707D87 /* Sources */,
				6354299D1B623CE300707D87 /* Frameworks */,
				6354299E1B623CE300707D87 /* Resources */,
			);
			buildRules = (
			);
			dependencies = (
				635429A21B623CE300707D87 /* PBXTargetDependency */,
			);
			name = GGTests;
			productName = GGTests;
			productReference = 635429A01B623CE300707D87 /* GGTests.xctest */;
			productType = "com.apple.product-type.bundle.unit-test";
		};
		635429AA1B623CE300707D87 /* GGUITests */ = {
			isa = PBXNativeTarget;
			buildConfigurationList = 635429BA1B623CE300707D87 /* Build configuration list for PBXNativeTarget "GGUITests" */;
			buildPhases = (
				635429A71B623CE300707D87 /* Sources */,
				635429A81B623CE300707D87 /* Frameworks */,
				635429A91B623CE300707D87 /* Resources */,
			);
			buildRules = (
			);
			dependencies = (
				635429AD1B623CE300707D87 /* PBXTargetDependency */,
			);
			name = GGUITests;
			productName = GGUITests;
			productReference = 635429AB1B623CE300707D87 /* GGUITests.xctest */;
			productType = "com.apple.product-type.bundle.ui-testing";
		};
/* End PBXNativeTarget section */

/* Begin PBXProject section */
		6354297F1B623CE300707D87 /* Project object */ = {
			isa = PBXProject;
			attributes = {
				LastUpgradeCheck = 0700;
				ORGANIZATIONNAME = "__无邪_";
				TargetAttributes = {
					635429861B623CE300707D87 = {
						CreatedOnToolsVersion = 7.0;
					};
					6354299F1B623CE300707D87 = {
						CreatedOnToolsVersion = 7.0;
						TestTargetID = 635429861B623CE300707D87;
					};
					635429AA1B623CE300707D87 = {
						CreatedOnToolsVersion = 7.0;
						TestTargetID = 635429861B623CE300707D87;
					};
				};
			};
			buildConfigurationList = 635429821B623CE300707D87 /* Build configuration list for PBXProject "GG" */;
			compatibilityVersion = "Xcode 3.2";
			developmentRegion = English;
			hasScannedForEncodings = 0;
			knownRegions = (
				en,
				Base,
			);
			mainGroup = 6354297E1B623CE300707D87;
			productRefGroup = 635429881B623CE300707D87 /* Products */;
			projectDirPath = "";
			projectRoot = "";
			targets = (
				635429861B623CE300707D87 /* GG */,
				6354299F1B623CE300707D87 /* GGTests */,
				635429AA1B623CE300707D87 /* GGUITests */,
			);
		};
/* End PBXProject section */

/* Begin PBXResourcesBuildPhase section */
		635429851B623CE300707D87 /* Resources */ = {
			isa = PBXResourcesBuildPhase;
			buildActionMask = 2147483647;
			files = (
				6354299A1B623CE300707D87 /* LaunchScreen.storyboard in Resources */,
				635429971B623CE300707D87 /* Assets.xcassets in Resources */,
				635429951B623CE300707D87 /* Main.storyboard in Resources */,
			);
			runOnlyForDeploymentPostprocessing = 0;
		};
		6354299E1B623CE300707D87 /* Resources */ = {
			isa = PBXResourcesBuildPhase;
			buildActionMask = 2147483647;
			files = (
			);
			runOnlyForDeploymentPostprocessing = 0;
		};
		635429A91B623CE300707D87 /* Resources */ = {
			isa = PBXResourcesBuildPhase;
			buildActionMask = 2147483647;
			files = (
			);
			runOnlyForDeploymentPostprocessing = 0;
		};
/* End PBXResourcesBuildPhase section */

/* Begin PBXSourcesBuildPhase section */
		635429831B623CE300707D87 /* Sources */ = {
			isa = PBXSourcesBuildPhase;
			buildActionMask = 2147483647;
			files = (
				63F3DB8C1B629B7800E2875C /* GGRootController.m in Sources */,
				635429921B623CE300707D87 /* ViewController.m in Sources */,
				63F3DB861B624C1C00E2875C /* UINavigationBar+Awesome.m in Sources */,
				635429C21B62420F00707D87 /* GGNavigationController.m in Sources */,
				6354298F1B623CE300707D87 /* AppDelegate.m in Sources */,
				63F3DB8F1B62A42500E2875C /* GGTabBarController.m in Sources */,
				635429BF1B62412200707D87 /* BaseTableViewProtocol.m in Sources */,
				6354298C1B623CE300707D87 /* main.m in Sources */,
			);
			runOnlyForDeploymentPostprocessing = 0;
		};
		6354299C1B623CE300707D87 /* Sources */ = {
			isa = PBXSourcesBuildPhase;
			buildActionMask = 2147483647;
			files = (
				635429A51B623CE300707D87 /* GGTests.m in Sources */,
			);
			runOnlyForDeploymentPostprocessing = 0;
		};
		635429A71B623CE300707D87 /* Sources */ = {
			isa = PBXSourcesBuildPhase;
			buildActionMask = 2147483647;
			files = (
				635429B01B623CE300707D87 /* GGUITests.m in Sources */,
			);
			runOnlyForDeploymentPostprocessing = 0;
		};
/* End PBXSourcesBuildPhase section */

/* Begin PBXTargetDependency section */
		635429A21B623CE300707D87 /* PBXTargetDependency */ = {
			isa = PBXTargetDependency;
			target = 635429861B623CE300707D87 /* GG */;
			targetProxy = 635429A11B623CE300707D87 /* PBXContainerItemProxy */;
		};
		635429AD1B623CE300707D87 /* PBXTargetDependency */ = {
			isa = PBXTargetDependency;
			target = 635429861B623CE300707D87 /* GG */;
			targetProxy = 635429AC1B623CE300707D87 /* PBXContainerItemProxy */;
		};
/* End PBXTargetDependency section */

/* Begin PBXVariantGroup section */
		635429931B623CE300707D87 /* Main.storyboard */ = {
			isa = PBXVariantGroup;
			children = (
				635429941B623CE300707D87 /* Base */,
			);
			name = Main.storyboard;
			sourceTree = "<group>";
		};
		635429981B623CE300707D87 /* LaunchScreen.storyboard */ = {
			isa = PBXVariantGroup;
			children = (
				635429991B623CE300707D87 /* Base */,
			);
			name = LaunchScreen.storyboard;
			sourceTree = "<group>";
		};
/* End PBXVariantGroup section */

/* Begin XCBuildConfiguration section */
		635429B21B623CE300707D87 /* Debug */ = {
			isa = XCBuildConfiguration;
			buildSettings = {
				ALWAYS_SEARCH_USER_PATHS = NO;
				CLANG_CXX_LANGUAGE_STANDARD = "gnu++0x";
				CLANG_CXX_LIBRARY = "libc++";
				CLANG_ENABLE_MODULES = YES;
				CLANG_ENABLE_OBJC_ARC = YES;
				CLANG_WARN_BOOL_CONVERSION = YES;
				CLANG_WARN_CONSTANT_CONVERSION = YES;
				CLANG_WARN_DIRECT_OBJC_ISA_USAGE = YES_ERROR;
				CLANG_WARN_EMPTY_BODY = YES;
				CLANG_WARN_ENUM_CONVERSION = YES;
				CLANG_WARN_INT_CONVERSION = YES;
				CLANG_WARN_OBJC_ROOT_CLASS = YES_ERROR;
				CLANG_WARN_UNREACHABLE_CODE = YES;
				CLANG_WARN__DUPLICATE_METHOD_MATCH = YES;
				"CODE_SIGN_IDENTITY[sdk=iphoneos*]" = "iPhone Developer";
				COPY_PHASE_STRIP = NO;
				DEBUG_INFORMATION_FORMAT = dwarf;
				ENABLE_STRICT_OBJC_MSGSEND = YES;
				ENABLE_TESTABILITY = YES;
				GCC_C_LANGUAGE_STANDARD = gnu99;
				GCC_DYNAMIC_NO_PIC = NO;
				GCC_NO_COMMON_BLOCKS = YES;
				GCC_OPTIMIZATION_LEVEL = 0;
				GCC_PREPROCESSOR_DEFINITIONS = (
					"DEBUG=1",
					"$(inherited)",
				);
				GCC_WARN_64_TO_32_BIT_CONVERSION = YES;
				GCC_WARN_ABOUT_RETURN_TYPE = YES_ERROR;
				GCC_WARN_UNDECLARED_SELECTOR = YES;
				GCC_WARN_UNINITIALIZED_AUTOS = YES_AGGRESSIVE;
				GCC_WARN_UNUSED_FUNCTION = YES;
				GCC_WARN_UNUSED_VARIABLE = YES;
				IPHONEOS_DEPLOYMENT_TARGET = 9.0;
				MTL_ENABLE_DEBUG_INFO = YES;
				ONLY_ACTIVE_ARCH = YES;
				SDKROOT = iphoneos;
				TARGETED_DEVICE_FAMILY = "1,2";
			};
			name = Debug;
		};
		635429B31B623CE300707D87 /* Release */ = {
			isa = XCBuildConfiguration;
			buildSettings = {
				ALWAYS_SEARCH_USER_PATHS = NO;
				CLANG_CXX_LANGUAGE_STANDARD = "gnu++0x";
				CLANG_CXX_LIBRARY = "libc++";
				CLANG_ENABLE_MODULES = YES;
				CLANG_ENABLE_OBJC_ARC = YES;
				CLANG_WARN_BOOL_CONVERSION = YES;
				CLANG_WARN_CONSTANT_CONVERSION = YES;
				CLANG_WARN_DIRECT_OBJC_ISA_USAGE = YES_ERROR;
				CLANG_WARN_EMPTY_BODY = YES;
				CLANG_WARN_ENUM_CONVERSION = YES;
				CLANG_WARN_INT_CONVERSION = YES;
				CLANG_WARN_OBJC_ROOT_CLASS = YES_ERROR;
				CLANG_WARN_UNREACHABLE_CODE = YES;
				CLANG_WARN__DUPLICATE_METHOD_MATCH = YES;
				"CODE_SIGN_IDENTITY[sdk=iphoneos*]" = "iPhone Developer";
				COPY_PHASE_STRIP = NO;
				DEBUG_INFORMATION_FORMAT = "dwarf-with-dsym";
				ENABLE_NS_ASSERTIONS = NO;
				ENABLE_STRICT_OBJC_MSGSEND = YES;
				GCC_C_LANGUAGE_STANDARD = gnu99;
				GCC_NO_COMMON_BLOCKS = YES;
				GCC_WARN_64_TO_32_BIT_CONVERSION = YES;
				GCC_WARN_ABOUT_RETURN_TYPE = YES_ERROR;
				GCC_WARN_UNDECLARED_SELECTOR = YES;
				GCC_WARN_UNINITIALIZED_AUTOS = YES_AGGRESSIVE;
				GCC_WARN_UNUSED_FUNCTION = YES;
				GCC_WARN_UNUSED_VARIABLE = YES;
				IPHONEOS_DEPLOYMENT_TARGET = 9.0;
				MTL_ENABLE_DEBUG_INFO = NO;
				SDKROOT = iphoneos;
				TARGETED_DEVICE_FAMILY = "1,2";
				VALIDATE_PRODUCT = YES;
			};
			name = Release;
		};
		635429B51B623CE300707D87 /* Debug */ = {
			isa = XCBuildConfiguration;
			buildSettings = {
				ASSETCATALOG_COMPILER_APPICON_NAME = AppIcon;
				GCC_INCREASE_PRECOMPILED_HEADER_SHARING = YES;
				GCC_PRECOMPILE_PREFIX_HEADER = YES;
				GCC_PREFIX_HEADER = /Users/OTHERPLAYER/Desktop/GG/GG/PrefixHeader.pch;
				INFOPLIST_FILE = GG/Info.plist;
				IPHONEOS_DEPLOYMENT_TARGET = 7.1;
				LD_RUNPATH_SEARCH_PATHS = "$(inherited) @executable_path/Frameworks";
				PRODUCT_BUNDLE_IDENTIFIER = otherplayer.GG;
				PRODUCT_NAME = "$(TARGET_NAME)";
			};
			name = Debug;
		};
		635429B61B623CE300707D87 /* Release */ = {
			isa = XCBuildConfiguration;
			buildSettings = {
				ASSETCATALOG_COMPILER_APPICON_NAME = AppIcon;
				GCC_INCREASE_PRECOMPILED_HEADER_SHARING = YES;
				GCC_PRECOMPILE_PREFIX_HEADER = YES;
				GCC_PREFIX_HEADER = /Users/OTHERPLAYER/Desktop/GG/GG/PrefixHeader.pch;
				INFOPLIST_FILE = GG/Info.plist;
				IPHONEOS_DEPLOYMENT_TARGET = 7.1;
				LD_RUNPATH_SEARCH_PATHS = "$(inherited) @executable_path/Frameworks";
				PRODUCT_BUNDLE_IDENTIFIER = otherplayer.GG;
				PRODUCT_NAME = "$(TARGET_NAME)";
			};
			name = Release;
		};
		635429B81B623CE300707D87 /* Debug */ = {
			isa = XCBuildConfiguration;
			buildSettings = {
				BUNDLE_LOADER = "$(TEST_HOST)";
				INFOPLIST_FILE = GGTests/Info.plist;
				LD_RUNPATH_SEARCH_PATHS = "$(inherited) @executable_path/Frameworks @loader_path/Frameworks";
				PRODUCT_BUNDLE_IDENTIFIER = otherplayer.GGTests;
				PRODUCT_NAME = "$(TARGET_NAME)";
				TEST_HOST = "$(BUILT_PRODUCTS_DIR)/GG.app/GG";
			};
			name = Debug;
		};
		635429B91B623CE300707D87 /* Release */ = {
			isa = XCBuildConfiguration;
			buildSettings = {
				BUNDLE_LOADER = "$(TEST_HOST)";
				INFOPLIST_FILE = GGTests/Info.plist;
				LD_RUNPATH_SEARCH_PATHS = "$(inherited) @executable_path/Frameworks @loader_path/Frameworks";
				PRODUCT_BUNDLE_IDENTIFIER = otherplayer.GGTests;
				PRODUCT_NAME = "$(TARGET_NAME)";
				TEST_HOST = "$(BUILT_PRODUCTS_DIR)/GG.app/GG";
			};
			name = Release;
		};
		635429BB1B623CE300707D87 /* Debug */ = {
			isa = XCBuildConfiguration;
			buildSettings = {
				INFOPLIST_FILE = GGUITests/Info.plist;
				LD_RUNPATH_SEARCH_PATHS = "$(inherited) @executable_path/Frameworks @loader_path/Frameworks";
				PRODUCT_BUNDLE_IDENTIFIER = otherplayer.GGUITests;
				PRODUCT_NAME = "$(TARGET_NAME)";
				TEST_TARGET_NAME = GG;
				USES_XCTRUNNER = YES;
			};
			name = Debug;
		};
		635429BC1B623CE300707D87 /* Release */ = {
			isa = XCBuildConfiguration;
			buildSettings = {
				INFOPLIST_FILE = GGUITests/Info.plist;
				LD_RUNPATH_SEARCH_PATHS = "$(inherited) @executable_path/Frameworks @loader_path/Frameworks";
				PRODUCT_BUNDLE_IDENTIFIER = otherplayer.GGUITests;
				PRODUCT_NAME = "$(TARGET_NAME)";
				TEST_TARGET_NAME = GG;
				USES_XCTRUNNER = YES;
			};
			name = Release;
		};
/* End XCBuildConfiguration section */

/* Begin XCConfigurationList section */
		635429821B623CE300707D87 /* Build configuration list for PBXProject "GG" */ = {
			isa = XCConfigurationList;
			buildConfigurations = (
				635429B21B623CE300707D87 /* Debug */,
				635429B31B623CE300707D87 /* Release */,
			);
			defaultConfigurationIsVisible = 0;
			defaultConfigurationName = Release;
		};
		635429B41B623CE300707D87 /* Build configuration list for PBXNativeTarget "GG" */ = {
			isa = XCConfigurationList;
			buildConfigurations = (
				635429B51B623CE300707D87 /* Debug */,
				635429B61B623CE300707D87 /* Release */,
			);
			defaultConfigurationIsVisible = 0;
			defaultConfigurationName = Release;
		};
		635429B71B623CE300707D87 /* Build configuration list for PBXNativeTarget "GGTests" */ = {
			isa = XCConfigurationList;
			buildConfigurations = (
				635429B81B623CE300707D87 /* Debug */,
				635429B91B623CE300707D87 /* Release */,
			);
			defaultConfigurationIsVisible = 0;
			defaultConfigurationName = Release;
		};
		635429BA1B623CE300707D87 /* Build configuration list for PBXNativeTarget "GGUITests" */ = {
			isa = XCConfigurationList;
			buildConfigurations = (
				635429BB1B623CE300707D87 /* Debug */,
				635429BC1B623CE300707D87 /* Release */,
			);
			defaultConfigurationIsVisible = 0;
			defaultConfigurationName = Release;
		};
/* End XCConfigurationList section */
	};
	rootObject = 6354297F1B623CE300707D87 /* Project object */;
}
